
Microsoft Visual Studio Solution File, Format Version 12.00
# Visual Studio 15
VisualStudioVersion = 15.0.28307.168
MinimumVisualStudioVersion = 10.0.40219.1
Project("{9A19103F-16F7-4668-BE54-9A1E7A4F7556}") = "Edi.Blog.Pingback", "Edi.Blog.Pingback.csproj", "{7BDAE12E-5911-4C3F-AA29-00CE71FD5D17}"
EndProject
Project("{FAE04EC0-301F-11D3-BF4B-00C04F79EFBC}") = "Edi.Blog.Pingback.MvcExtensions", "..\Edi.Blog.Pingback.MvcExtensions\Edi.Blog.Pingback.MvcExtensions.csproj", "{1C3DA62E-2CD5-4EB8-AC53-6E5A4DAA9651}"
EndProject
Global
	GlobalSection(SolutionConfigurationPlatforms) = preSolution
		Debug|Any CPU = Debug|Any CPU
		Release|Any CPU = Release|Any CPU
	EndGlobalSection
	GlobalSection(ProjectConfigurationPlatforms) = postSolution
		{7BDAE12E-5911-4C3F-AA29-00CE71FD5D17}.Debug|Any CPU.ActiveCfg = Debug|Any CPU
		{7BDAE12E-5911-4C3F-AA29-00CE71FD5D17}.Debug|Any CPU.Build.0 = Debug|Any CPU
		{7BDAE12E-5911-4C3F-AA29-00CE71FD5D17}.Release|Any CPU.ActiveCfg = Release|Any CPU
		{7BDAE12E-5911-4C3F-AA29-00CE71FD5D17}.Release|Any CPU.Build.0 = Release|Any CPU
		{1C3DA62E-2CD5-4EB8-AC53-6E5A4DAA9651}.Debug|Any CPU.ActiveCfg = Debug|Any CPU
		{1C3DA62E-2CD5-4EB8-AC53-6E5A4DAA9651}.Debug|Any CPU.Build.0 = Debug|Any CPU
		{1C3DA62E-2CD5-4EB8-AC53-6E5A4DAA9651}.Release|Any CPU.ActiveCfg = Release|Any CPU
		{1C3DA62E-2CD5-4EB8-AC53-6E5A4DAA9651}.Release|Any CPU.Build.0 = Release|Any CPU
	EndGlobalSection
	GlobalSection(SolutionProperties) = preSolution
		HideSolutionNode = FALSE
	EndGlobalSection
	GlobalSection(ExtensibilityGlobals) = postSolution
		SolutionGuid = {F57E4971-E476-47BB-9500-CDE8B992046C}
	EndGlobalSection
EndGlobal
